
Microsoft Visual Studio Solution File, Format Version 12.00
# Visual Studio Version 17
VisualStudioVersion = 17.1.32210.238
MinimumVisualStudioVersion = 10.0.40219.1
Project("{FAE04EC0-301F-11D3-BF4B-00C04F79EFBC}") = "DZ", "DZ\DZ.csproj", "{88DD6D3E-3AEE-4707-89CF-0E3F9FB689CC}"
EndProject
Global
	GlobalSection(SolutionConfigurationPlatforms) = preSolution
		Debug|Any CPU = Debug|Any CPU
		Release|Any CPU = Release|Any CPU
	EndGlobalSection
	GlobalSection(ProjectConfigurationPlatforms) = postSolution
		{88DD6D3E-3AEE-4707-89CF-0E3F9FB689CC}.Debug|Any CPU.ActiveCfg = Debug|Any CPU
		{88DD6D3E-3AEE-4707-89CF-0E3F9FB689CC}.Debug|Any CPU.Build.0 = Debug|Any CPU
		{88DD6D3E-3AEE-4707-89CF-0E3F9FB689CC}.Release|Any CPU.ActiveCfg = Release|Any CPU
		{88DD6D3E-3AEE-4707-89CF-0E3F9FB689CC}.Release|Any CPU.Build.0 = Release|Any CPU
	EndGlobalSection
	GlobalSection(SolutionProperties) = preSolution
		HideSolutionNode = FALSE
	EndGlobalSection
	GlobalSection(ExtensibilityGlobals) = postSolution
		SolutionGuid = {9CFB87ED-C3DE-41BA-B73C-07BF94DF4062}
	EndGlobalSection
EndGlobal
